
Microsoft Visual Studio Solution File, Format Version 12.00
# Visual Studio Version 17
VisualStudioVersion = 17.0.31903.59
MinimumVisualStudioVersion = 10.0.40219.1
Project("{9A19103F-16F7-4668-BE54-9A1E7A4F7556}") = "OpenCliToMcp.Generator", "OpenCliToMcp.Generator\OpenCliToMcp.Generator.csproj", "{5B6A5D9C-0E5B-4F5C-8D5A-7C9B8F8E5A9C}"
EndProject
Project("{9A19103F-16F7-4668-BE54-9A1E7A4F7556}") = "OpenCliToMcp.Generator.Tests", "OpenCliToMcp.Generator.Tests\OpenCliToMcp.Generator.Tests.csproj", "{7D8E9F5A-1B4C-4E7D-9C3B-5A8F7E9D6B2A}"
EndProject
Project("{9A19103F-16F7-4668-BE54-9A1E7A4F7556}") = "OpenCliToMcp.Core", "OpenCliToMcp.Core\OpenCliToMcp.Core.csproj", "{A2B3C4D5-E6F7-8901-2345-678901234567}"
EndProject
Project("{FAE04EC0-301F-11D3-BF4B-00C04F79EFBC}") = "OpenCliToMcp.Core.Tests", "OpenCliToMcp.Core.Tests\OpenCliToMcp.Core.Tests.csproj", "{E9E2D747-E0DF-4818-8312-0EC3A1487265}"
EndProject
Project("{FAE04EC0-301F-11D3-BF4B-00C04F79EFBC}") = "TaskManager.Cli", "TaskManager.Cli\TaskManager.Cli.csproj", "{FAD9F340-EAA3-A5C5-89AF-8B4D1C8FC769}"
EndProject
Project("{FAE04EC0-301F-11D3-BF4B-00C04F79EFBC}") = "TaskManager.McpServer", "TaskManager.McpServer\TaskManager.McpServer.csproj", "{089F3B13-C151-5D2C-DD6F-CCC8F055C676}"
EndProject
Project("{FAE04EC0-301F-11D3-BF4B-00C04F79EFBC}") = "Weather.Cli", "Weather.Cli\Weather.Cli.csproj", "{8171C7E7-037A-9F42-5183-0F2ED4E02BE4}"
EndProject
Project("{FAE04EC0-301F-11D3-BF4B-00C04F79EFBC}") = "Weather.McpServer", "Weather.McpServer\Weather.McpServer.csproj", "{47A11C19-3BFB-2A18-2561-B54437512662}"
EndProject
Project("{2150E333-8FDC-42A3-9474-1A3956D46DE8}") = "Demo", "Demo", "{A39C23D2-F2C0-258D-165A-CF1E7FEE6E7B}"
EndProject
Project("{FAE04EC0-301F-11D3-BF4B-00C04F79EFBC}") = "TaskManager.McpServer.Tests", "TaskManager.McpServer.Tests\TaskManager.McpServer.Tests.csproj", "{B99CAC83-5467-48D0-92A4-F568101F4579}"
EndProject
Project("{FAE04EC0-301F-11D3-BF4B-00C04F79EFBC}") = "Weather.McpServer.Tests", "Weather.McpServer.Tests\Weather.McpServer.Tests.csproj", "{4BF3DB38-9168-401F-AF2A-54A3667B6B91}"
EndProject
Global
	GlobalSection(SolutionConfigurationPlatforms) = preSolution
		Debug|Any CPU = Debug|Any CPU
		Debug|x64 = Debug|x64
		Debug|x86 = Debug|x86
		Release|Any CPU = Release|Any CPU
		Release|x64 = Release|x64
		Release|x86 = Release|x86
	EndGlobalSection
	GlobalSection(ProjectConfigurationPlatforms) = postSolution
		{5B6A5D9C-0E5B-4F5C-8D5A-7C9B8F8E5A9C}.Debug|Any CPU.ActiveCfg = Debug|Any CPU
		{5B6A5D9C-0E5B-4F5C-8D5A-7C9B8F8E5A9C}.Debug|Any CPU.Build.0 = Debug|Any CPU
		{5B6A5D9C-0E5B-4F5C-8D5A-7C9B8F8E5A9C}.Debug|x64.ActiveCfg = Debug|Any CPU
		{5B6A5D9C-0E5B-4F5C-8D5A-7C9B8F8E5A9C}.Debug|x64.Build.0 = Debug|Any CPU
		{5B6A5D9C-0E5B-4F5C-8D5A-7C9B8F8E5A9C}.Debug|x86.ActiveCfg = Debug|Any CPU
		{5B6A5D9C-0E5B-4F5C-8D5A-7C9B8F8E5A9C}.Debug|x86.Build.0 = Debug|Any CPU
		{5B6A5D9C-0E5B-4F5C-8D5A-7C9B8F8E5A9C}.Release|Any CPU.ActiveCfg = Release|Any CPU
		{5B6A5D9C-0E5B-4F5C-8D5A-7C9B8F8E5A9C}.Release|Any CPU.Build.0 = Release|Any CPU
		{5B6A5D9C-0E5B-4F5C-8D5A-7C9B8F8E5A9C}.Release|x64.ActiveCfg = Release|Any CPU
		{5B6A5D9C-0E5B-4F5C-8D5A-7C9B8F8E5A9C}.Release|x64.Build.0 = Release|Any CPU
		{5B6A5D9C-0E5B-4F5C-8D5A-7C9B8F8E5A9C}.Release|x86.ActiveCfg = Release|Any CPU
		{5B6A5D9C-0E5B-4F5C-8D5A-7C9B8F8E5A9C}.Release|x86.Build.0 = Release|Any CPU
		{7D8E9F5A-1B4C-4E7D-9C3B-5A8F7E9D6B2A}.Debug|Any CPU.ActiveCfg = Debug|Any CPU
		{7D8E9F5A-1B4C-4E7D-9C3B-5A8F7E9D6B2A}.Debug|Any CPU.Build.0 = Debug|Any CPU
		{7D8E9F5A-1B4C-4E7D-9C3B-5A8F7E9D6B2A}.Debug|x64.ActiveCfg = Debug|Any CPU
		{7D8E9F5A-1B4C-4E7D-9C3B-5A8F7E9D6B2A}.Debug|x64.Build.0 = Debug|Any CPU
		{7D8E9F5A-1B4C-4E7D-9C3B-5A8F7E9D6B2A}.Debug|x86.ActiveCfg = Debug|Any CPU
		{7D8E9F5A-1B4C-4E7D-9C3B-5A8F7E9D6B2A}.Debug|x86.Build.0 = Debug|Any CPU
		{7D8E9F5A-1B4C-4E7D-9C3B-5A8F7E9D6B2A}.Release|Any CPU.ActiveCfg = Release|Any CPU
		{7D8E9F5A-1B4C-4E7D-9C3B-5A8F7E9D6B2A}.Release|Any CPU.Build.0 = Release|Any CPU
		{7D8E9F5A-1B4C-4E7D-9C3B-5A8F7E9D6B2A}.Release|x64.ActiveCfg = Release|Any CPU
		{7D8E9F5A-1B4C-4E7D-9C3B-5A8F7E9D6B2A}.Release|x64.Build.0 = Release|Any CPU
		{7D8E9F5A-1B4C-4E7D-9C3B-5A8F7E9D6B2A}.Release|x86.ActiveCfg = Release|Any CPU
		{7D8E9F5A-1B4C-4E7D-9C3B-5A8F7E9D6B2A}.Release|x86.Build.0 = Release|Any CPU
		{A2B3C4D5-E6F7-8901-2345-678901234567}.Debug|Any CPU.ActiveCfg = Debug|Any CPU
		{A2B3C4D5-E6F7-8901-2345-678901234567}.Debug|Any CPU.Build.0 = Debug|Any CPU
		{A2B3C4D5-E6F7-8901-2345-678901234567}.Debug|x64.ActiveCfg = Debug|Any CPU
		{A2B3C4D5-E6F7-8901-2345-678901234567}.Debug|x64.Build.0 = Debug|Any CPU
		{A2B3C4D5-E6F7-8901-2345-678901234567}.Debug|x86.ActiveCfg = Debug|Any CPU
		{A2B3C4D5-E6F7-8901-2345-678901234567}.Debug|x86.Build.0 = Debug|Any CPU
		{A2B3C4D5-E6F7-8901-2345-678901234567}.Release|Any CPU.ActiveCfg = Release|Any CPU
		{A2B3C4D5-E6F7-8901-2345-678901234567}.Release|Any CPU.Build.0 = Release|Any CPU
		{A2B3C4D5-E6F7-8901-2345-678901234567}.Release|x64.ActiveCfg = Release|Any CPU
		{A2B3C4D5-E6F7-8901-2345-678901234567}.Release|x64.Build.0 = Release|Any CPU
		{A2B3C4D5-E6F7-8901-2345-678901234567}.Release|x86.ActiveCfg = Release|Any CPU
		{A2B3C4D5-E6F7-8901-2345-678901234567}.Release|x86.Build.0 = Release|Any CPU
		{E9E2D747-E0DF-4818-8312-0EC3A1487265}.Debug|Any CPU.ActiveCfg = Debug|Any CPU
		{E9E2D747-E0DF-4818-8312-0EC3A1487265}.Debug|Any CPU.Build.0 = Debug|Any CPU
		{E9E2D747-E0DF-4818-8312-0EC3A1487265}.Debug|x64.ActiveCfg = Debug|Any CPU
		{E9E2D747-E0DF-4818-8312-0EC3A1487265}.Debug|x64.Build.0 = Debug|Any CPU
		{E9E2D747-E0DF-4818-8312-0EC3A1487265}.Debug|x86.ActiveCfg = Debug|Any CPU
		{E9E2D747-E0DF-4818-8312-0EC3A1487265}.Debug|x86.Build.0 = Debug|Any CPU
		{E9E2D747-E0DF-4818-8312-0EC3A1487265}.Release|Any CPU.ActiveCfg = Release|Any CPU
		{E9E2D747-E0DF-4818-8312-0EC3A1487265}.Release|Any CPU.Build.0 = Release|Any CPU
		{E9E2D747-E0DF-4818-8312-0EC3A1487265}.Release|x64.ActiveCfg = Release|Any CPU
		{E9E2D747-E0DF-4818-8312-0EC3A1487265}.Release|x64.Build.0 = Release|Any CPU
		{E9E2D747-E0DF-4818-8312-0EC3A1487265}.Release|x86.ActiveCfg = Release|Any CPU
		{E9E2D747-E0DF-4818-8312-0EC3A1487265}.Release|x86.Build.0 = Release|Any CPU
		{FAD9F340-EAA3-A5C5-89AF-8B4D1C8FC769}.Debug|Any CPU.ActiveCfg = Debug|Any CPU
		{FAD9F340-EAA3-A5C5-89AF-8B4D1C8FC769}.Debug|Any CPU.Build.0 = Debug|Any CPU
		{FAD9F340-EAA3-A5C5-89AF-8B4D1C8FC769}.Debug|x64.ActiveCfg = Debug|Any CPU
		{FAD9F340-EAA3-A5C5-89AF-8B4D1C8FC769}.Debug|x64.Build.0 = Debug|Any CPU
		{FAD9F340-EAA3-A5C5-89AF-8B4D1C8FC769}.Debug|x86.ActiveCfg = Debug|Any CPU
		{FAD9F340-EAA3-A5C5-89AF-8B4D1C8FC769}.Debug|x86.Build.0 = Debug|Any CPU
		{FAD9F340-EAA3-A5C5-89AF-8B4D1C8FC769}.Release|Any CPU.ActiveCfg = Release|Any CPU
		{FAD9F340-EAA3-A5C5-89AF-8B4D1C8FC769}.Release|Any CPU.Build.0 = Release|Any CPU
		{FAD9F340-EAA3-A5C5-89AF-8B4D1C8FC769}.Release|x64.ActiveCfg = Release|Any CPU
		{FAD9F340-EAA3-A5C5-89AF-8B4D1C8FC769}.Release|x64.Build.0 = Release|Any CPU
		{FAD9F340-EAA3-A5C5-89AF-8B4D1C8FC769}.Release|x86.ActiveCfg = Release|Any CPU
		{FAD9F340-EAA3-A5C5-89AF-8B4D1C8FC769}.Release|x86.Build.0 = Release|Any CPU
		{089F3B13-C151-5D2C-DD6F-CCC8F055C676}.Debug|Any CPU.ActiveCfg = Debug|Any CPU
		{089F3B13-C151-5D2C-DD6F-CCC8F055C676}.Debug|Any CPU.Build.0 = Debug|Any CPU
		{089F3B13-C151-5D2C-DD6F-CCC8F055C676}.Debug|x64.ActiveCfg = Debug|Any CPU
		{089F3B13-C151-5D2C-DD6F-CCC8F055C676}.Debug|x64.Build.0 = Debug|Any CPU
		{089F3B13-C151-5D2C-DD6F-CCC8F055C676}.Debug|x86.ActiveCfg = Debug|Any CPU
		{089F3B13-C151-5D2C-DD6F-CCC8F055C676}.Debug|x86.Build.0 = Debug|Any CPU
		{089F3B13-C151-5D2C-DD6F-CCC8F055C676}.Release|Any CPU.ActiveCfg = Release|Any CPU
		{089F3B13-C151-5D2C-DD6F-CCC8F055C676}.Release|Any CPU.Build.0 = Release|Any CPU
		{089F3B13-C151-5D2C-DD6F-CCC8F055C676}.Release|x64.ActiveCfg = Release|Any CPU
		{089F3B13-C151-5D2C-DD6F-CCC8F055C676}.Release|x64.Build.0 = Release|Any CPU
		{089F3B13-C151-5D2C-DD6F-CCC8F055C676}.Release|x86.ActiveCfg = Release|Any CPU
		{089F3B13-C151-5D2C-DD6F-CCC8F055C676}.Release|x86.Build.0 = Release|Any CPU
		{8171C7E7-037A-9F42-5183-0F2ED4E02BE4}.Debug|Any CPU.ActiveCfg = Debug|Any CPU
		{8171C7E7-037A-9F42-5183-0F2ED4E02BE4}.Debug|Any CPU.Build.0 = Debug|Any CPU
		{8171C7E7-037A-9F42-5183-0F2ED4E02BE4}.Debug|x64.ActiveCfg = Debug|Any CPU
		{8171C7E7-037A-9F42-5183-0F2ED4E02BE4}.Debug|x64.Build.0 = Debug|Any CPU
		{8171C7E7-037A-9F42-5183-0F2ED4E02BE4}.Debug|x86.ActiveCfg = Debug|Any CPU
		{8171C7E7-037A-9F42-5183-0F2ED4E02BE4}.Debug|x86.Build.0 = Debug|Any CPU
		{8171C7E7-037A-9F42-5183-0F2ED4E02BE4}.Release|Any CPU.ActiveCfg = Release|Any CPU
		{8171C7E7-037A-9F42-5183-0F2ED4E02BE4}.Release|Any CPU.Build.0 = Release|Any CPU
		{8171C7E7-037A-9F42-5183-0F2ED4E02BE4}.Release|x64.ActiveCfg = Release|Any CPU
		{8171C7E7-037A-9F42-5183-0F2ED4E02BE4}.Release|x64.Build.0 = Release|Any CPU
		{8171C7E7-037A-9F42-5183-0F2ED4E02BE4}.Release|x86.ActiveCfg = Release|Any CPU
		{8171C7E7-037A-9F42-5183-0F2ED4E02BE4}.Release|x86.Build.0 = Release|Any CPU
		{47A11C19-3BFB-2A18-2561-B54437512662}.Debug|Any CPU.ActiveCfg = Debug|Any CPU
		{47A11C19-3BFB-2A18-2561-B54437512662}.Debug|Any CPU.Build.0 = Debug|Any CPU
		{47A11C19-3BFB-2A18-2561-B54437512662}.Debug|x64.ActiveCfg = Debug|Any CPU
		{47A11C19-3BFB-2A18-2561-B54437512662}.Debug|x64.Build.0 = Debug|Any CPU
		{47A11C19-3BFB-2A18-2561-B54437512662}.Debug|x86.ActiveCfg = Debug|Any CPU
		{47A11C19-3BFB-2A18-2561-B54437512662}.Debug|x86.Build.0 = Debug|Any CPU
		{47A11C19-3BFB-2A18-2561-B54437512662}.Release|Any CPU.ActiveCfg = Release|Any CPU
		{47A11C19-3BFB-2A18-2561-B54437512662}.Release|Any CPU.Build.0 = Release|Any CPU
		{47A11C19-3BFB-2A18-2561-B54437512662}.Release|x64.ActiveCfg = Release|Any CPU
		{47A11C19-3BFB-2A18-2561-B54437512662}.Release|x64.Build.0 = Release|Any CPU
		{47A11C19-3BFB-2A18-2561-B54437512662}.Release|x86.ActiveCfg = Release|Any CPU
		{47A11C19-3BFB-2A18-2561-B54437512662}.Release|x86.Build.0 = Release|Any CPU
		{B99CAC83-5467-48D0-92A4-F568101F4579}.Debug|Any CPU.ActiveCfg = Debug|Any CPU
		{B99CAC83-5467-48D0-92A4-F568101F4579}.Debug|Any CPU.Build.0 = Debug|Any CPU
		{B99CAC83-5467-48D0-92A4-F568101F4579}.Debug|x64.ActiveCfg = Debug|Any CPU
		{B99CAC83-5467-48D0-92A4-F568101F4579}.Debug|x64.Build.0 = Debug|Any CPU
		{B99CAC83-5467-48D0-92A4-F568101F4579}.Debug|x86.ActiveCfg = Debug|Any CPU
		{B99CAC83-5467-48D0-92A4-F568101F4579}.Debug|x86.Build.0 = Debug|Any CPU
		{B99CAC83-5467-48D0-92A4-F568101F4579}.Release|Any CPU.ActiveCfg = Release|Any CPU
		{B99CAC83-5467-48D0-92A4-F568101F4579}.Release|Any CPU.Build.0 = Release|Any CPU
		{B99CAC83-5467-48D0-92A4-F568101F4579}.Release|x64.ActiveCfg = Release|Any CPU
		{B99CAC83-5467-48D0-92A4-F568101F4579}.Release|x64.Build.0 = Release|Any CPU
		{B99CAC83-5467-48D0-92A4-F568101F4579}.Release|x86.ActiveCfg = Release|Any CPU
		{B99CAC83-5467-48D0-92A4-F568101F4579}.Release|x86.Build.0 = Release|Any CPU
		{4BF3DB38-9168-401F-AF2A-54A3667B6B91}.Debug|Any CPU.ActiveCfg = Debug|Any CPU
		{4BF3DB38-9168-401F-AF2A-54A3667B6B91}.Debug|Any CPU.Build.0 = Debug|Any CPU
		{4BF3DB38-9168-401F-AF2A-54A3667B6B91}.Debug|x64.ActiveCfg = Debug|Any CPU
		{4BF3DB38-9168-401F-AF2A-54A3667B6B91}.Debug|x64.Build.0 = Debug|Any CPU
		{4BF3DB38-9168-401F-AF2A-54A3667B6B91}.Debug|x86.ActiveCfg = Debug|Any CPU
		{4BF3DB38-9168-401F-AF2A-54A3667B6B91}.Debug|x86.Build.0 = Debug|Any CPU
		{4BF3DB38-9168-401F-AF2A-54A3667B6B91}.Release|Any CPU.ActiveCfg = Release|Any CPU
		{4BF3DB38-9168-401F-AF2A-54A3667B6B91}.Release|Any CPU.Build.0 = Release|Any CPU
		{4BF3DB38-9168-401F-AF2A-54A3667B6B91}.Release|x64.ActiveCfg = Release|Any CPU
		{4BF3DB38-9168-401F-AF2A-54A3667B6B91}.Release|x64.Build.0 = Release|Any CPU
		{4BF3DB38-9168-401F-AF2A-54A3667B6B91}.Release|x86.ActiveCfg = Release|Any CPU
		{4BF3DB38-9168-401F-AF2A-54A3667B6B91}.Release|x86.Build.0 = Release|Any CPU
	EndGlobalSection
	GlobalSection(SolutionProperties) = preSolution
		HideSolutionNode = FALSE
	EndGlobalSection
	GlobalSection(NestedProjects) = preSolution
		{FAD9F340-EAA3-A5C5-89AF-8B4D1C8FC769} = {A39C23D2-F2C0-258D-165A-CF1E7FEE6E7B}
		{089F3B13-C151-5D2C-DD6F-CCC8F055C676} = {A39C23D2-F2C0-258D-165A-CF1E7FEE6E7B}
		{8171C7E7-037A-9F42-5183-0F2ED4E02BE4} = {A39C23D2-F2C0-258D-165A-CF1E7FEE6E7B}
		{47A11C19-3BFB-2A18-2561-B54437512662} = {A39C23D2-F2C0-258D-165A-CF1E7FEE6E7B}
		{B99CAC83-5467-48D0-92A4-F568101F4579} = {A39C23D2-F2C0-258D-165A-CF1E7FEE6E7B}
		{4BF3DB38-9168-401F-AF2A-54A3667B6B91} = {A39C23D2-F2C0-258D-165A-CF1E7FEE6E7B}
	EndGlobalSection
	GlobalSection(ExtensibilityGlobals) = postSolution
		SolutionGuid = {1CE1FE7C-9546-42CB-B950-761188313D57}
	EndGlobalSection
EndGlobal
